Microsoft Visual Studio Solution File, Format Version 12.00
# Visual Studio Version 17
VisualStudioVersion = 17.5.2.0
MinimumVisualStudioVersion = 10.0.40219.1
Project("{FAE04EC0-301F-11D3-BF4B-00C04F79EFBC}") = "BiometricsBridge", "BiometricsBridge\BiometricsBridge.csproj", "{BB63ADBC-84CF-9720-7C76-C38FD6D66C47}"
EndProject
Global
	GlobalSection(SolutionConfigurationPlatforms) = preSolution
		Debug|Any CPU = Debug|Any CPU
		Release|Any CPU = Release|Any CPU
	EndGlobalSection
	GlobalSection(ProjectConfigurationPlatforms) = postSolution
		{BB63ADBC-84CF-9720-7C76-C38FD6D66C47}.Debug|Any CPU.ActiveCfg = Debug|Any CPU
		{BB63ADBC-84CF-9720-7C76-C38FD6D66C47}.Debug|Any CPU.Build.0 = Debug|Any CPU
		{BB63ADBC-84CF-9720-7C76-C38FD6D66C47}.Release|Any CPU.ActiveCfg = Release|Any CPU
		{BB63ADBC-84CF-9720-7C76-C38FD6D66C47}.Release|Any CPU.Build.0 = Release|Any CPU
	EndGlobalSection
	GlobalSection(SolutionProperties) = preSolution
		HideSolutionNode = FALSE
	EndGlobalSection
	GlobalSection(ExtensibilityGlobals) = postSolution
		SolutionGuid = {25FE69D1-CD76-4C00-8CBB-C75038F41B0D}
	EndGlobalSection
EndGlobal
